<?xml version="1.0" encoding="utf-8"?>
<Project ToolsVersion="4.0" xmlns="http://schemas.microsoft.com/developer/msbuild/2003">
  <ItemGroup>
    <Filter Include="Engine Files">
      <UniqueIdentifier>{93995380-89BD-4b04-88EB-625FBE52EBFB}</UniqueIdentifier>
      <Extensions>h;hh;hpp;hxx;h++;hm;inl;inc;ipp;xsd</Extensions>
    </Filter>
    <Filter Include="Game Files">
      <UniqueIdentifier>{4FC737F1-C7A5-4376-A066-2A32D752A2FF}</UniqueIdentifier>
      <Extensions>cpp;c;cc;cxx;c++;cppm;ixx;def;odl;idl;hpj;bat;asm;asmx</Extensions>
    </Filter>
    <Filter Include="Game Files\Sub Classes">
      <UniqueIdentifier>{6126d52f-5ba8-4981-a94f-9beca15ab59a}</UniqueIdentifier>
    </Filter>
    <Filter Include="Game Files\Resource Files">
      <UniqueIdentifier>{67DA6AB6-F800-4c08-8B7A-83BB121AAD01}</UniqueIdentifier>
      <Extensions>rc;ico;cur;bmp;dlg;rc2;rct;bin;rgs;gif;jpg;jpeg;jpe;resx;tiff;tif;png;wav;mfcribbon-ms</Extensions>
    </Filter>
    <Filter Include="Game Files\Sub Classes\Sprites">
      <UniqueIdentifier>{f1055fee-cc34-41c1-9f67-a82cb06427a3}</UniqueIdentifier>
    </Filter>
    <Filter Include="Game Files\Sub Classes\Screens">
      <UniqueIdentifier>{d9e26531-2f2a-4fe5-9519-d7aee4263cc5}</UniqueIdentifier>
    </Filter>
    <Filter Include="Game Files\Sub Classes\Mobility">
      <UniqueIdentifier>{220e4ba9-ab1c-43b1-80d1-6d06836df39b}</UniqueIdentifier>
    </Filter>
    <Filter Include="Game Files\Sub Classes\Sprites\Characters">
      <UniqueIdentifier>{34365fa0-1806-486b-84a7-a85689d95b61}</UniqueIdentifier>
    </Filter>
    <Filter Include="Game Files\Sub Classes\Sprites\Characters\Enemies">
      <UniqueIdentifier>{9075d101-2915-4e99-932c-b9459e1a9ff9}</UniqueIdentifier>
    </Filter>
  </ItemGroup>
  <ItemGroup>
    <ClCompile Include="Game.cpp">
      <Filter>Game Files</Filter>
    </ClCompile>
    <ClCompile Include="main.cpp">
      <Filter>Engine Files</Filter>
    </ClCompile>
    <ClCompile Include="Level.cpp">
      <Filter>Game Files\Sub Classes</Filter>
    </ClCompile>
    <ClCompile Include="Camera.cpp">
      <Filter>Game Files\Sub Classes</Filter>
    </ClCompile>
    <ClCompile Include="AnimatedSprite.cpp">
      <Filter>Game Files\Sub Classes\Sprites</Filter>
    </ClCompile>
    <ClCompile Include="AnimBackGround.cpp">
      <Filter>Game Files\Sub Classes\Sprites</Filter>
    </ClCompile>
    <ClCompile Include="StartScreen.cpp">
      <Filter>Game Files\Sub Classes\Screens</Filter>
    </ClCompile>
    <ClCompile Include="Screen.cpp">
      <Filter>Game Files\Sub Classes\Screens</Filter>
    </ClCompile>
    <ClCompile Include="pch.cpp">
      <Filter>Engine Files</Filter>
    </ClCompile>
    <ClCompile Include="PathGraph.cpp">
      <Filter>Game Files\Sub Classes</Filter>
    </ClCompile>
    <ClCompile Include="Collectable.cpp">
      <Filter>Game Files\Sub Classes\Sprites</Filter>
    </ClCompile>
    <ClCompile Include="Tile.cpp">
      <Filter>Game Files\Sub Classes</Filter>
    </ClCompile>
    <ClCompile Include="SkinScreen.cpp">
      <Filter>Game Files\Sub Classes\Screens</Filter>
    </ClCompile>
    <ClCompile Include="BackGround.cpp">
      <Filter>Game Files\Sub Classes</Filter>
    </ClCompile>
    <ClCompile Include="PalmTree.cpp">
      <Filter>Game Files\Sub Classes\Sprites</Filter>
    </ClCompile>
    <ClCompile Include="FallingBoy.cpp">
      <Filter>Game Files\Sub Classes\Sprites</Filter>
    </ClCompile>
    <ClCompile Include="HUD.cpp">
      <Filter>Game Files\Sub Classes</Filter>
    </ClCompile>
    <ClCompile Include="Escalator.cpp">
      <Filter>Game Files\Sub Classes\Mobility</Filter>
    </ClCompile>
    <ClCompile Include="Button.cpp">
      <Filter>Game Files\Sub Classes</Filter>
    </ClCompile>
    <ClCompile Include="Boss.cpp">
      <Filter>Game Files\Sub Classes\Sprites\Characters\Enemies</Filter>
    </ClCompile>
    <ClCompile Include="Enemy.cpp">
      <Filter>Game Files\Sub Classes\Sprites\Characters\Enemies</Filter>
    </ClCompile>
    <ClCompile Include="Minion.cpp">
      <Filter>Game Files\Sub Classes\Sprites\Characters\Enemies</Filter>
    </ClCompile>
    <ClCompile Include="Player.cpp">
      <Filter>Game Files\Sub Classes\Sprites\Characters</Filter>
    </ClCompile>
    <ClCompile Include="Character.cpp">
      <Filter>Game Files\Sub Classes\Sprites\Characters</Filter>
    </ClCompile>
  </ItemGroup>
  <ItemGroup>
    <ClInclude Include="Game.h">
      <Filter>Game Files</Filter>
    </ClInclude>
    <ClInclude Include="Level.h">
      <Filter>Game Files\Sub Classes</Filter>
    </ClInclude>
    <ClInclude Include="Camera.h">
      <Filter>Game Files\Sub Classes</Filter>
    </ClInclude>
    <ClInclude Include="AnimatedSprite.h">
      <Filter>Game Files\Sub Classes\Sprites</Filter>
    </ClInclude>
    <ClInclude Include="AnimBackGround.h">
      <Filter>Game Files\Sub Classes\Sprites</Filter>
    </ClInclude>
    <ClInclude Include="StartScreen.h">
      <Filter>Game Files\Sub Classes\Screens</Filter>
    </ClInclude>
    <ClInclude Include="Screen.h">
      <Filter>Game Files\Sub Classes\Screens</Filter>
    </ClInclude>
    <ClInclude Include="pch.h">
      <Filter>Engine Files</Filter>
    </ClInclude>
    <ClInclude Include="PathGraph.h">
      <Filter>Game Files\Sub Classes</Filter>
    </ClInclude>
    <ClInclude Include="Collectable.h">
      <Filter>Game Files\Sub Classes\Sprites</Filter>
    </ClInclude>
    <ClInclude Include="MyUtils.h">
      <Filter>Game Files</Filter>
    </ClInclude>
    <ClInclude Include="Tile.h">
      <Filter>Game Files\Sub Classes</Filter>
    </ClInclude>
    <ClInclude Include="SkinScreen.h">
      <Filter>Game Files\Sub Classes\Screens</Filter>
    </ClInclude>
    <ClInclude Include="GlobalEnumClasses.h">
      <Filter>Game Files</Filter>
    </ClInclude>
    <ClInclude Include="BackGround.h">
      <Filter>Game Files\Sub Classes</Filter>
    </ClInclude>
    <ClInclude Include="PalmTree.h">
      <Filter>Game Files\Sub Classes\Sprites</Filter>
    </ClInclude>
    <ClInclude Include="FallingBoy.h">
      <Filter>Game Files\Sub Classes\Sprites</Filter>
    </ClInclude>
    <ClInclude Include="HUD.h">
      <Filter>Game Files\Sub Classes</Filter>
    </ClInclude>
    <ClInclude Include="Escalator.h">
      <Filter>Game Files\Sub Classes\Mobility</Filter>
    </ClInclude>
    <ClInclude Include="MobilityItem.h">
      <Filter>Game Files\Sub Classes\Mobility</Filter>
    </ClInclude>
    <ClInclude Include="Button.h">
      <Filter>Game Files\Sub Classes</Filter>
    </ClInclude>
    <ClInclude Include="Boss.h">
      <Filter>Game Files\Sub Classes\Sprites\Characters\Enemies</Filter>
    </ClInclude>
    <ClInclude Include="Enemy.h">
      <Filter>Game Files\Sub Classes\Sprites\Characters\Enemies</Filter>
    </ClInclude>
    <ClInclude Include="Minion.h">
      <Filter>Game Files\Sub Classes\Sprites\Characters\Enemies</Filter>
    </ClInclude>
    <ClInclude Include="Player.h">
      <Filter>Game Files\Sub Classes\Sprites\Characters</Filter>
    </ClInclude>
    <ClInclude Include="GlobalFont.h">
      <Filter>Game Files</Filter>
    </ClInclude>
    <ClInclude Include="Character.h">
      <Filter>Game Files\Sub Classes\Sprites\Characters</Filter>
    </ClInclude>
  </ItemGroup>
</Project>